
Microsoft Visual Studio Solution File, Format Version 12.00
# Visual Studio Version 16
VisualStudioVersion = 16.0.30523.141
MinimumVisualStudioVersion = 10.0.40219.1
Project("{FAE04EC0-301F-11D3-BF4B-00C04F79EFBC}") = "PostaMate.WebHost", "PostaMate.WebHost\PostaMate.WebHost.csproj", "{06A1292A-D547-4D57-8848-B52549C62F2A}"
EndProject
Project("{FAE04EC0-301F-11D3-BF4B-00C04F79EFBC}") = "PostaMate.Core", "PostaMate.Core\PostaMate.Core.csproj", "{C59368FA-8B81-4F22-A782-4DAA7B343D3A}"
EndProject
Project("{FAE04EC0-301F-11D3-BF4B-00C04F79EFBC}") = "PostaMate.DataAccess", "PostaMate.DataAccess\PostaMate.DataAccess.csproj", "{7195D048-CED7-467B-984F-1933393316FD}"
EndProject
Global
	GlobalSection(SolutionConfigurationPlatforms) = preSolution
		Debug|Any CPU = Debug|Any CPU
		Release|Any CPU = Release|Any CPU
	EndGlobalSection
	GlobalSection(ProjectConfigurationPlatforms) = postSolution
		{06A1292A-D547-4D57-8848-B52549C62F2A}.Debug|Any CPU.ActiveCfg = Debug|Any CPU
		{06A1292A-D547-4D57-8848-B52549C62F2A}.Debug|Any CPU.Build.0 = Debug|Any CPU
		{06A1292A-D547-4D57-8848-B52549C62F2A}.Release|Any CPU.ActiveCfg = Release|Any CPU
		{06A1292A-D547-4D57-8848-B52549C62F2A}.Release|Any CPU.Build.0 = Release|Any CPU
		{C59368FA-8B81-4F22-A782-4DAA7B343D3A}.Debug|Any CPU.ActiveCfg = Debug|Any CPU
		{C59368FA-8B81-4F22-A782-4DAA7B343D3A}.Debug|Any CPU.Build.0 = Debug|Any CPU
		{C59368FA-8B81-4F22-A782-4DAA7B343D3A}.Release|Any CPU.ActiveCfg = Release|Any CPU
		{C59368FA-8B81-4F22-A782-4DAA7B343D3A}.Release|Any CPU.Build.0 = Release|Any CPU
		{7195D048-CED7-467B-984F-1933393316FD}.Debug|Any CPU.ActiveCfg = Debug|Any CPU
		{7195D048-CED7-467B-984F-1933393316FD}.Debug|Any CPU.Build.0 = Debug|Any CPU
		{7195D048-CED7-467B-984F-1933393316FD}.Release|Any CPU.ActiveCfg = Release|Any CPU
		{7195D048-CED7-467B-984F-1933393316FD}.Release|Any CPU.Build.0 = Release|Any CPU
	EndGlobalSection
	GlobalSection(SolutionProperties) = preSolution
		HideSolutionNode = FALSE
	EndGlobalSection
	GlobalSection(ExtensibilityGlobals) = postSolution
		SolutionGuid = {3E43502B-1098-41FE-B5C0-ED59237A0B91}
	EndGlobalSection
EndGlobal
